// !$*UTF8*$!
{
	archiveVersion = 1;
	classes = {
	};
	objectVersion = 46;
	objects = {

/* Begin PBXBuildFile section */
		FCE69DB01C67A61B004247E0 /* AppDelegate.swift in Sources */ = {isa = PBXBuildFile; fileRef = FCE69DAF1C67A61B004247E0 /* AppDelegate.swift */; };
		FCE69DB21C67A61B004247E0 /* MainViewController.swift in Sources */ = {isa = PBXBuildFile; fileRef = FCE69DB11C67A61B004247E0 /* MainViewController.swift */; };
		FCE69DB51C67A61B004247E0 /* Main.storyboard in Resources */ = {isa = PBXBuildFile; fileRef = FCE69DB31C67A61B004247E0 /* Main.storyboard */; };
		FCE69DB71C67A61B004247E0 /* Assets.xcassets in Resources */ = {isa = PBXBuildFile; fileRef = FCE69DB61C67A61B004247E0 /* Assets.xcassets */; };
		FCE69DBA1C67A61B004247E0 /* LaunchScreen.storyboard in Resources */ = {isa = PBXBuildFile; fileRef = FCE69DB81C67A61B004247E0 /* LaunchScreen.storyboard */; };
		FCE69DC51C67A61B004247E0 /* InteractiveSlideoutMenuUITests.swift in Sources */ = {isa = PBXBuildFile; fileRef = FCE69DC41C67A61B004247E0 /* InteractiveSlideoutMenuUITests.swift */; };
		FCE69DD01C67A695004247E0 /* MenuViewController.swift in Sources */ = {isa = PBXBuildFile; fileRef = FCE69DCF1C67A695004247E0 /* MenuViewController.swift */; };
		FCE69DD21C67A81C004247E0 /* MenuHelper.swift in Sources */ = {isa = PBXBuildFile; fileRef = FCE69DD11C67A81C004247E0 /* MenuHelper.swift */; };
		FCE69DD41C67A859004247E0 /* Interactor.swift in Sources */ = {isa = PBXBuildFile; fileRef = FCE69DD31C67A859004247E0 /* Interactor.swift */; };
		FCE69DD61C67A8B8004247E0 /* PresentMenuAnimator.swift in Sources */ = {isa = PBXBuildFile; fileRef = FCE69DD51C67A8B8004247E0 /* PresentMenuAnimator.swift */; };
		FCE69DD81C67A99D004247E0 /* DismissMenuAnimator.swift in Sources */ = {isa = PBXBuildFile; fileRef = FCE69DD71C67A99D004247E0 /* DismissMenuAnimator.swift */; };
/* End PBXBuildFile section */

/* Begin PBXContainerItemProxy section */
		FCE69DC11C67A61B004247E0 /* PBXContainerItemProxy */ = {
			isa = PBXContainerItemProxy;
			containerPortal = FCE69DA41C67A61B004247E0 /* Project object */;
			proxyType = 1;
			remoteGlobalIDString = FCE69DAB1C67A61B004247E0;
			remoteInfo = InteractiveSlideoutMenu;
		};
/* End PBXContainerItemProxy section */

/* Begin PBXFileReference section */
		FCE69DAC1C67A61B004247E0 /* InteractiveSlideoutMenu.app */ = {isa = PBXFileReference; explicitFileType = wrapper.application; includeInIndex = 0; path = InteractiveSlideoutMenu.app; sourceTree = BUILT_PRODUCTS_DIR; };
		FCE69DAF1C67A61B004247E0 /* AppDelegate.swift */ = {isa = PBXFileReference; lastKnownFileType = sourcecode.swift; path = AppDelegate.swift; sourceTree = "<group>"; };
		FCE69DB11C67A61B004247E0 /* MainViewController.swift */ = {isa = PBXFileReference; lastKnownFileType = sourcecode.swift; path = MainViewController.swift; sourceTree = "<group>"; };
		FCE69DB41C67A61B004247E0 /* Base */ = {isa = PBXFileReference; lastKnownFileType = file.storyboard; name = Base; path = Base.lproj/Main.storyboard; sourceTree = "<group>"; };
		FCE69DB61C67A61B004247E0 /* Assets.xcassets */ = {isa = PBXFileReference; lastKnownFileType = folder.assetcatalog; path = Assets.xcassets; sourceTree = "<group>"; };
		FCE69DB91C67A61B004247E0 /* Base */ = {isa = PBXFileReference; lastKnownFileType = file.storyboard; name = Base; path = Base.lproj/LaunchScreen.storyboard; sourceTree = "<group>"; };
		FCE69DBB1C67A61B004247E0 /* Info.plist */ = {isa = PBXFileReference; lastKnownFileType = text.plist.xml; path = Info.plist; sourceTree = "<group>"; };
		FCE69DC01C67A61B004247E0 /* InteractiveSlideoutMenuUITests.xctest */ = {isa = PBXFileReference; explicitFileType = wrapper.cfbundle; includeInIndex = 0; path = InteractiveSlideoutMenuUITests.xctest; sourceTree = BUILT_PRODUCTS_DIR; };
		FCE69DC41C67A61B004247E0 /* InteractiveSlideoutMenuUITests.swift */ = {isa = PBXFileReference; lastKnownFileType = sourcecode.swift; path = InteractiveSlideoutMenuUITests.swift; sourceTree = "<group>"; };
		FCE69DC61C67A61B004247E0 /* Info.plist */ = {isa = PBXFileReference; lastKnownFileType = text.plist.xml; path = Info.plist; sourceTree = "<group>"; };
		FCE69DCF1C67A695004247E0 /* MenuViewController.swift */ = {isa = PBXFileReference; fileEncoding = 4; lastKnownFileType = sourcecode.swift; path = MenuViewController.swift; sourceTree = "<group>"; };
		FCE69DD11C67A81C004247E0 /* MenuHelper.swift */ = {isa = PBXFileReference; fileEncoding = 4; lastKnownFileType = sourcecode.swift; path = MenuHelper.swift; sourceTree = "<group>"; };
		FCE69DD31C67A859004247E0 /* Interactor.swift */ = {isa = PBXFileReference; fileEncoding = 4; lastKnownFileType = sourcecode.swift; path = Interactor.swift; sourceTree = "<group>"; };
		FCE69DD51C67A8B8004247E0 /* PresentMenuAnimator.swift */ = {isa = PBXFileReference; fileEncoding = 4; lastKnownFileType = sourcecode.swift; path = PresentMenuAnimator.swift; sourceTree = "<group>"; };
		FCE69DD71C67A99D004247E0 /* DismissMenuAnimator.swift */ = {isa = PBXFileReference; fileEncoding = 4; lastKnownFileType = sourcecode.swift; path = DismissMenuAnimator.swift; sourceTree = "<group>"; };
/* End PBXFileReference section */

/* Begin PBXFrameworksBuildPhase section */
		FCE69DA91C67A61B004247E0 /* Frameworks */ = {
			isa = PBXFrameworksBuildPhase;
			buildActionMask = 2147483647;
			files = (
			);
			runOnlyForDeploymentPostprocessing = 0;
		};
		FCE69DBD1C67A61B004247E0 /* Frameworks */ = {
			isa = PBXFrameworksBuildPhase;
			buildActionMask = 2147483647;
			files = (
			);
			runOnlyForDeploymentPostprocessing = 0;
		};
/* End PBXFrameworksBuildPhase section */

/* Begin PBXGroup section */
		FCE69DA31C67A61B004247E0 = {
			isa = PBXGroup;
			children = (
				FCE69DAE1C67A61B004247E0 /* InteractiveSlideoutMenu */,
				FCE69DC31C67A61B004247E0 /* InteractiveSlideoutMenuUITests */,
				FCE69DAD1C67A61B004247E0 /* Products */,
			);
			sourceTree = "<group>";
		};
		FCE69DAD1C67A61B004247E0 /* Products */ = {
			isa = PBXGroup;
			children = (
				FCE69DAC1C67A61B004247E0 /* InteractiveSlideoutMenu.app */,
				FCE69DC01C67A61B004247E0 /* InteractiveSlideoutMenuUITests.xctest */,
			);
			name = Products;
			sourceTree = "<group>";
		};
		FCE69DAE1C67A61B004247E0 /* InteractiveSlideoutMenu */ = {
			isa = PBXGroup;
			children = (
				FCE69DAF1C67A61B004247E0 /* AppDelegate.swift */,
				FCE69DB11C67A61B004247E0 /* MainViewController.swift */,
				FCE69DCF1C67A695004247E0 /* MenuViewController.swift */,
				FCE69DD31C67A859004247E0 /* Interactor.swift */,
				FCE69DD11C67A81C004247E0 /* MenuHelper.swift */,
				FCE69DD51C67A8B8004247E0 /* PresentMenuAnimator.swift */,
				FCE69DD71C67A99D004247E0 /* DismissMenuAnimator.swift */,
				FCE69DB31C67A61B004247E0 /* Main.storyboard */,
				FCE69DB61C67A61B004247E0 /* Assets.xcassets */,
				FCE69DB81C67A61B004247E0 /* LaunchScreen.storyboard */,
				FCE69DBB1C67A61B004247E0 /* Info.plist */,
			);
			path = InteractiveSlideoutMenu;
			sourceTree = "<group>";
		};
		FCE69DC31C67A61B004247E0 /* InteractiveSlideoutMenuUITests */ = {
			isa = PBXGroup;
			children = (
				FCE69DC41C67A61B004247E0 /* InteractiveSlideoutMenuUITests.swift */,
				FCE69DC61C67A61B004247E0 /* Info.plist */,
			);
			path = InteractiveSlideoutMenuUITests;
			sourceTree = "<group>";
		};
/* End PBXGroup section */

/* Begin PBXNativeTarget section */
		FCE69DAB1C67A61B004247E0 /* InteractiveSlideoutMenu */ = {
			isa = PBXNativeTarget;
			buildConfigurationList = FCE69DC91C67A61B004247E0 /* Build configuration list for PBXNativeTarget "InteractiveSlideoutMenu" */;
			buildPhases = (
				FCE69DA81C67A61B004247E0 /* Sources */,
				FCE69DA91C67A61B004247E0 /* Frameworks */,
				FCE69DAA1C67A61B004247E0 /* Resources */,
			);
			buildRules = (
			);
			dependencies = (
			);
			name = InteractiveSlideoutMenu;
			productName = InteractiveSlideoutMenu;
			productReference = FCE69DAC1C67A61B004247E0 /* InteractiveSlideoutMenu.app */;
			productType = "com.apple.product-type.application";
		};
		FCE69DBF1C67A61B004247E0 /* InteractiveSlideoutMenuUITests */ = {
			isa = PBXNativeTarget;
			buildConfigurationList = FCE69DCC1C67A61B004247E0 /* Build configuration list for PBXNativeTarget "InteractiveSlideoutMenuUITests" */;
			buildPhases = (
				FCE69DBC1C67A61B004247E0 /* Sources */,
				FCE69DBD1C67A61B004247E0 /* Frameworks */,
				FCE69DBE1C67A61B004247E0 /* Resources */,
			);
			buildRules = (
			);
			dependencies = (
				FCE69DC21C67A61B004247E0 /* PBXTargetDependency */,
			);
			name = InteractiveSlideoutMenuUITests;
			productName = InteractiveSlideoutMenuUITests;
			productReference = FCE69DC01C67A61B004247E0 /* InteractiveSlideoutMenuUITests.xctest */;
			productType = "com.apple.product-type.bundle.ui-testing";
		};
/* End PBXNativeTarget section */

/* Begin PBXProject section */
		FCE69DA41C67A61B004247E0 /* Project object */ = {
			isa = PBXProject;
			attributes = {
				LastSwiftUpdateCheck = 0720;
				LastUpgradeCheck = 0830;
				ORGANIZATIONNAME = "Thorn Technologies, LLC";
				TargetAttributes = {
					FCE69DAB1C67A61B004247E0 = {
						CreatedOnToolsVersion = 7.2;
						LastSwiftMigration = 0830;
					};
					FCE69DBF1C67A61B004247E0 = {
						CreatedOnToolsVersion = 7.2;
						LastSwiftMigration = 0830;
						TestTargetID = FCE69DAB1C67A61B004247E0;
					};
				};
			};
			buildConfigurationList = FCE69DA71C67A61B004247E0 /* Build configuration list for PBXProject "InteractiveSlideoutMenu" */;
			compatibilityVersion = "Xcode 3.2";
			developmentRegion = English;
			hasScannedForEncodings = 0;
			knownRegions = (
				en,
				Base,
			);
			mainGroup = FCE69DA31C67A61B004247E0;
			productRefGroup = FCE69DAD1C67A61B004247E0 /* Products */;
			projectDirPath = "";
			projectRoot = "";
			targets = (
				FCE69DAB1C67A61B004247E0 /* InteractiveSlideoutMenu */,
				FCE69DBF1C67A61B004247E0 /* InteractiveSlideoutMenuUITests */,
			);
		};
/* End PBXProject section */

/* Begin PBXResourcesBuildPhase section */
		FCE69DAA1C67A61B004247E0 /* Resources */ = {
			isa = PBXResourcesBuildPhase;
			buildActionMask = 2147483647;
			files = (
				FCE69DBA1C67A61B004247E0 /* LaunchScreen.storyboard in Resources */,
				FCE69DB71C67A61B004247E0 /* Assets.xcassets in Resources */,
				FCE69DB51C67A61B004247E0 /* Main.storyboard in Resources */,
			);
			runOnlyForDeploymentPostprocessing = 0;
		};
		FCE69DBE1C67A61B004247E0 /* Resources */ = {
			isa = PBXResourcesBuildPhase;
			buildActionMask = 2147483647;
			files = (
			);
			runOnlyForDeploymentPostprocessing = 0;
		};
/* End PBXResourcesBuildPhase section */

/* Begin PBXSourcesBuildPhase section */
		FCE69DA81C67A61B004247E0 /* Sources */ = {
			isa = PBXSourcesBuildPhase;
			buildActionMask = 2147483647;
			files = (
				FCE69DB21C67A61B004247E0 /* MainViewController.swift in Sources */,
				FCE69DD01C67A695004247E0 /* MenuViewController.swift in Sources */,
				FCE69DD41C67A859004247E0 /* Interactor.swift in Sources */,
				FCE69DD81C67A99D004247E0 /* DismissMenuAnimator.swift in Sources */,
				FCE69DD61C67A8B8004247E0 /* PresentMenuAnimator.swift in Sources */,
				FCE69DD21C67A81C004247E0 /* MenuHelper.swift in Sources */,
				FCE69DB01C67A61B004247E0 /* AppDelegate.swift in Sources */,
			);
			runOnlyForDeploymentPostprocessing = 0;
		};
		FCE69DBC1C67A61B004247E0 /* Sources */ = {
			isa = PBXSourcesBuildPhase;
			buildActionMask = 2147483647;
			files = (
				FCE69DC51C67A61B004247E0 /* InteractiveSlideoutMenuUITests.swift in Sources */,
			);
			runOnlyForDeploymentPostprocessing = 0;
		};
/* End PBXSourcesBuildPhase section */

/* Begin PBXTargetDependency section */
		FCE69DC21C67A61B004247E0 /* PBXTargetDependency */ = {
			isa = PBXTargetDependency;
			target = FCE69DAB1C67A61B004247E0 /* InteractiveSlideoutMenu */;
			targetProxy = FCE69DC11C67A61B004247E0 /* PBXContainerItemProxy */;
		};
/* End PBXTargetDependency section */

/* Begin PBXVariantGroup section */
		FCE69DB31C67A61B004247E0 /* Main.storyboard */ = {
			isa = PBXVariantGroup;
			children = (
				FCE69DB41C67A61B004247E0 /* Base */,
			);
			name = Main.storyboard;
			sourceTree = "<group>";
		};
		FCE69DB81C67A61B004247E0 /* LaunchScreen.storyboard */ = {
			isa = PBXVariantGroup;
			children = (
				FCE69DB91C67A61B004247E0 /* Base */,
			);
			name = LaunchScreen.storyboard;
			sourceTree = "<group>";
		};
/* End PBXVariantGroup section */

/* Begin XCBuildConfiguration section */
		FCE69DC71C67A61B004247E0 /* Debug */ = {
			isa = XCBuildConfiguration;
			buildSettings = {
				ALWAYS_SEARCH_USER_PATHS = NO;
				CLANG_CXX_LANGUAGE_STANDARD = "gnu++0x";
				CLANG_CXX_LIBRARY = "libc++";
				CLANG_ENABLE_MODULES = YES;
				CLANG_ENABLE_OBJC_ARC = YES;
				CLANG_WARN_BOOL_CONVERSION = YES;
				CLANG_WARN_CONSTANT_CONVERSION = YES;
				CLANG_WARN_DIRECT_OBJC_ISA_USAGE = YES_ERROR;
				CLANG_WARN_EMPTY_BODY = YES;
				CLANG_WARN_ENUM_CONVERSION = YES;
				CLANG_WARN_INFINITE_RECURSION = YES;
				CLANG_WARN_INT_CONVERSION = YES;
				CLANG_WARN_OBJC_ROOT_CLASS = YES_ERROR;
				CLANG_WARN_SUSPICIOUS_MOVE = YES;
				CLANG_WARN_UNREACHABLE_CODE = YES;
				CLANG_WARN__DUPLICATE_METHOD_MATCH = YES;
				"CODE_SIGN_IDENTITY[sdk=iphoneos*]" = "iPhone Developer";
				COPY_PHASE_STRIP = NO;
				DEBUG_INFORMATION_FORMAT = dwarf;
				ENABLE_STRICT_OBJC_MSGSEND = YES;
				ENABLE_TESTABILITY = YES;
				GCC_C_LANGUAGE_STANDARD = gnu99;
				GCC_DYNAMIC_NO_PIC = NO;
				GCC_NO_COMMON_BLOCKS = YES;
				GCC_OPTIMIZATION_LEVEL = 0;
				GCC_PREPROCESSOR_DEFINITIONS = (
					"DEBUG=1",
					"$(inherited)",
				);
				GCC_WARN_64_TO_32_BIT_CONVERSION = YES;
				GCC_WARN_ABOUT_RETURN_TYPE = YES_ERROR;
				GCC_WARN_UNDECLARED_SELECTOR = YES;
				GCC_WARN_UNINITIALIZED_AUTOS = YES_AGGRESSIVE;
				GCC_WARN_UNUSED_FUNCTION = YES;
				GCC_WARN_UNUSED_VARIABLE = YES;
				IPHONEOS_DEPLOYMENT_TARGET = 9.2;
				MTL_ENABLE_DEBUG_INFO = YES;
				ONLY_ACTIVE_ARCH = YES;
				SDKROOT = iphoneos;
				SWIFT_OPTIMIZATION_LEVEL = "-Onone";
				TARGETED_DEVICE_FAMILY = "1,2";
			};
			name = Debug;
		};
		FCE69DC81C67A61B004247E0 /* Release */ = {
			isa = XCBuildConfiguration;
			buildSettings = {
				ALWAYS_SEARCH_USER_PATHS = NO;
				CLANG_CXX_LANGUAGE_STANDARD = "gnu++0x";
				CLANG_CXX_LIBRARY = "libc++";
				CLANG_ENABLE_MODULES = YES;
				CLANG_ENABLE_OBJC_ARC = YES;
				CLANG_WARN_BOOL_CONVERSION = YES;
				CLANG_WARN_CONSTANT_CONVERSION = YES;
				CLANG_WARN_DIRECT_OBJC_ISA_USAGE = YES_ERROR;
				CLANG_WARN_EMPTY_BODY = YES;
				CLANG_WARN_ENUM_CONVERSION = YES;
				CLANG_WARN_INFINITE_RECURSION = YES;
				CLANG_WARN_INT_CONVERSION = YES;
				CLANG_WARN_OBJC_ROOT_CLASS = YES_ERROR;
				CLANG_WARN_SUSPICIOUS_MOVE = YES;
				CLANG_WARN_UNREACHABLE_CODE = YES;
				CLANG_WARN__DUPLICATE_METHOD_MATCH = YES;
				"CODE_SIGN_IDENTITY[sdk=iphoneos*]" = "iPhone Developer";
				COPY_PHASE_STRIP = NO;
				DEBUG_INFORMATION_FORMAT = "dwarf-with-dsym";
				ENABLE_NS_ASSERTIONS = NO;
				ENABLE_STRICT_OBJC_MSGSEND = YES;
				GCC_C_LANGUAGE_STANDARD = gnu99;
				GCC_NO_COMMON_BLOCKS = YES;
				GCC_WARN_64_TO_32_BIT_CONVERSION = YES;
				GCC_WARN_ABOUT_RETURN_TYPE = YES_ERROR;
				GCC_WARN_UNDECLARED_SELECTOR = YES;
				GCC_WARN_UNINITIALIZED_AUTOS = YES_AGGRESSIVE;
				GCC_WARN_UNUSED_FUNCTION = YES;
				GCC_WARN_UNUSED_VARIABLE = YES;
				IPHONEOS_DEPLOYMENT_TARGET = 9.2;
				MTL_ENABLE_DEBUG_INFO = NO;
				SDKROOT = iphoneos;
				SWIFT_OPTIMIZATION_LEVEL = "-Owholemodule";
				TARGETED_DEVICE_FAMILY = "1,2";
				VALIDATE_PRODUCT = YES;
			};
			name = Release;
		};
		FCE69DCA1C67A61B004247E0 /* Debug */ = {
			isa = XCBuildConfiguration;
			buildSettings = {
				ASSETCATALOG_COMPILER_APPICON_NAME = AppIcon;
				INFOPLIST_FILE = InteractiveSlideoutMenu/Info.plist;
				LD_RUNPATH_SEARCH_PATHS = "$(inherited) @executable_path/Frameworks";
				PRODUCT_BUNDLE_IDENTIFIER = com.thorntech.InteractiveSlideoutMenu;
				PRODUCT_NAME = "$(TARGET_NAME)";
				SWIFT_VERSION = 3.0;
			};
			name = Debug;
		};
		FCE69DCB1C67A61B004247E0 /* Release */ = {
			isa = XCBuildConfiguration;
			buildSettings = {
				ASSETCATALOG_COMPILER_APPICON_NAME = AppIcon;
				INFOPLIST_FILE = InteractiveSlideoutMenu/Info.plist;
				LD_RUNPATH_SEARCH_PATHS = "$(inherited) @executable_path/Frameworks";
				PRODUCT_BUNDLE_IDENTIFIER = com.thorntech.InteractiveSlideoutMenu;
				PRODUCT_NAME = "$(TARGET_NAME)";
				SWIFT_VERSION = 3.0;
			};
			name = Release;
		};
		FCE69DCD1C67A61B004247E0 /* Debug */ = {
			isa = XCBuildConfiguration;
			buildSettings = {
				INFOPLIST_FILE = InteractiveSlideoutMenuUITests/Info.plist;
				LD_RUNPATH_SEARCH_PATHS = "$(inherited) @executable_path/Frameworks @loader_path/Frameworks";
				PRODUCT_BUNDLE_IDENTIFIER = com.thorntech.InteractiveSlideoutMenuUITests;
				PRODUCT_NAME = "$(TARGET_NAME)";
				SWIFT_VERSION = 3.0;
				TEST_TARGET_NAME = InteractiveSlideoutMenu;
				USES_XCTRUNNER = YES;
			};
			name = Debug;
		};
		FCE69DCE1C67A61B004247E0 /* Release */ = {
			isa = XCBuildConfiguration;
			buildSettings = {
				INFOPLIST_FILE = InteractiveSlideoutMenuUITests/Info.plist;
				LD_RUNPATH_SEARCH_PATHS = "$(inherited) @executable_path/Frameworks @loader_path/Frameworks";
				PRODUCT_BUNDLE_IDENTIFIER = com.thorntech.InteractiveSlideoutMenuUITests;
				PRODUCT_NAME = "$(TARGET_NAME)";
				SWIFT_VERSION = 3.0;
				TEST_TARGET_NAME = InteractiveSlideoutMenu;
				USES_XCTRUNNER = YES;
			};
			name = Release;
		};
/* End XCBuildConfiguration section */

/* Begin XCConfigurationList section */
		FCE69DA71C67A61B004247E0 /* Build configuration list for PBXProject "InteractiveSlideoutMenu" */ = {
			isa = XCConfigurationList;
			buildConfigurations = (
				FCE69DC71C67A61B004247E0 /* Debug */,
				FCE69DC81C67A61B004247E0 /* Release */,
			);
			defaultConfigurationIsVisible = 0;
			defaultConfigurationName = Release;
		};
		FCE69DC91C67A61B004247E0 /* Build configuration list for PBXNativeTarget "InteractiveSlideoutMenu" */ = {
			isa = XCConfigurationList;
			buildConfigurations = (
				FCE69DCA1C67A61B004247E0 /* Debug */,
				FCE69DCB1C67A61B004247E0 /* Release */,
			);
			defaultConfigurationIsVisible = 0;
			defaultConfigurationName = Release;
		};
		FCE69DCC1C67A61B004247E0 /* Build configuration list for PBXNativeTarget "InteractiveSlideoutMenuUITests" */ = {
			isa = XCConfigurationList;
			buildConfigurations = (
				FCE69DCD1C67A61B004247E0 /* Debug */,
				FCE69DCE1C67A61B004247E0 /* Release */,
			);
			defaultConfigurationIsVisible = 0;
			defaultConfigurationName = Release;
		};
/* End XCConfigurationList section */
	};
	rootObject = FCE69DA41C67A61B004247E0 /* Project object */;
}
